
Microsoft Visual Studio Solution File, Format Version 12.00
# Visual Studio Version 17
VisualStudioVersion = 17.3.32929.385
MinimumVisualStudioVersion = 10.0.40219.1
Project("{FAE04EC0-301F-11D3-BF4B-00C04F79EFBC}") = "AluraFlix", "AluraFlix\AluraFlix.csproj", "{8096E415-9995-463E-A08D-8114D801F098}"
EndProject
Project("{FAE04EC0-301F-11D3-BF4B-00C04F79EFBC}") = "Busines", "Busines\Busines.csproj", "{746E5CA3-C60F-4C75-88C8-01343DE0D1CC}"
EndProject
Project("{FAE04EC0-301F-11D3-BF4B-00C04F79EFBC}") = "DataBase", "DataBase\DataBase.csproj", "{A45B212C-9255-4BFE-893E-1B5495BA7E6C}"
EndProject
Global
	GlobalSection(SolutionConfigurationPlatforms) = preSolution
		Debug|Any CPU = Debug|Any CPU
		Release|Any CPU = Release|Any CPU
	EndGlobalSection
	GlobalSection(ProjectConfigurationPlatforms) = postSolution
		{8096E415-9995-463E-A08D-8114D801F098}.Debug|Any CPU.ActiveCfg = Debug|Any CPU
		{8096E415-9995-463E-A08D-8114D801F098}.Debug|Any CPU.Build.0 = Debug|Any CPU
		{8096E415-9995-463E-A08D-8114D801F098}.Release|Any CPU.ActiveCfg = Release|Any CPU
		{8096E415-9995-463E-A08D-8114D801F098}.Release|Any CPU.Build.0 = Release|Any CPU
		{746E5CA3-C60F-4C75-88C8-01343DE0D1CC}.Debug|Any CPU.ActiveCfg = Debug|Any CPU
		{746E5CA3-C60F-4C75-88C8-01343DE0D1CC}.Debug|Any CPU.Build.0 = Debug|Any CPU
		{746E5CA3-C60F-4C75-88C8-01343DE0D1CC}.Release|Any CPU.ActiveCfg = Release|Any CPU
		{746E5CA3-C60F-4C75-88C8-01343DE0D1CC}.Release|Any CPU.Build.0 = Release|Any CPU
		{A45B212C-9255-4BFE-893E-1B5495BA7E6C}.Debug|Any CPU.ActiveCfg = Debug|Any CPU
		{A45B212C-9255-4BFE-893E-1B5495BA7E6C}.Debug|Any CPU.Build.0 = Debug|Any CPU
		{A45B212C-9255-4BFE-893E-1B5495BA7E6C}.Release|Any CPU.ActiveCfg = Release|Any CPU
		{A45B212C-9255-4BFE-893E-1B5495BA7E6C}.Release|Any CPU.Build.0 = Release|Any CPU
	EndGlobalSection
	GlobalSection(SolutionProperties) = preSolution
		HideSolutionNode = FALSE
	EndGlobalSection
	GlobalSection(ExtensibilityGlobals) = postSolution
		SolutionGuid = {57865EF2-8679-4685-9EA7-BA5DC72C6283}
	EndGlobalSection
EndGlobal
